
Microsoft Visual Studio Solution File, Format Version 12.00
# Visual Studio Version 16
VisualStudioVersion = 16.0.29806.167
MinimumVisualStudioVersion = 10.0.40219.1
Project("{9A19103F-16F7-4668-BE54-9A1E7A4F7556}") = "CensusAnalyser", "CensusAnalyser.csproj", "{154CC3DE-4532-4738-9F93-E0EECB5D063A}"
EndProject
Project("{9A19103F-16F7-4668-BE54-9A1E7A4F7556}") = "Testing", "..\Testing\Testing.csproj", "{0B9DE93E-376C-4320-B5BD-74AA0DF08AD5}"
EndProject
Project("{2150E333-8FDC-42A3-9474-1A3956D46DE8}") = "Solution Items", "Solution Items", "{C7C143F2-06DE-442C-8C84-FFC7C409732E}"
	ProjectSection(SolutionItems) = preProject
		.editorconfig = .editorconfig
	EndProjectSection
EndProject
Global
	GlobalSection(SolutionConfigurationPlatforms) = preSolution
		Debug|Any CPU = Debug|Any CPU
		Release|Any CPU = Release|Any CPU
	EndGlobalSection
	GlobalSection(ProjectConfigurationPlatforms) = postSolution
		{154CC3DE-4532-4738-9F93-E0EECB5D063A}.Debug|Any CPU.ActiveCfg = Debug|Any CPU
		{154CC3DE-4532-4738-9F93-E0EECB5D063A}.Debug|Any CPU.Build.0 = Debug|Any CPU
		{154CC3DE-4532-4738-9F93-E0EECB5D063A}.Release|Any CPU.ActiveCfg = Release|Any CPU
		{154CC3DE-4532-4738-9F93-E0EECB5D063A}.Release|Any CPU.Build.0 = Release|Any CPU
		{0B9DE93E-376C-4320-B5BD-74AA0DF08AD5}.Debug|Any CPU.ActiveCfg = Debug|Any CPU
		{0B9DE93E-376C-4320-B5BD-74AA0DF08AD5}.Debug|Any CPU.Build.0 = Debug|Any CPU
		{0B9DE93E-376C-4320-B5BD-74AA0DF08AD5}.Release|Any CPU.ActiveCfg = Release|Any CPU
		{0B9DE93E-376C-4320-B5BD-74AA0DF08AD5}.Release|Any CPU.Build.0 = Release|Any CPU
	EndGlobalSection
	GlobalSection(SolutionProperties) = preSolution
		HideSolutionNode = FALSE
	EndGlobalSection
	GlobalSection(ExtensibilityGlobals) = postSolution
		SolutionGuid = {AD91B3B5-C95C-43A6-A24E-2AC150692C6B}
	EndGlobalSection
EndGlobal
